dependencies:
- name: user-portal-ui
  repository: file://./charts/user-portal-ui
  version: 0.1.7
- name: paperback-writer
  repository: file://./charts/paperback-writer
  version: 0.1.2
- name: data-catalog-ui
  repository: file://./charts/data-catalog-ui
  version: 0.1.5
- name: spatial
  repository: file://./charts/spatial
  version: 0.1.2
- name: spatial-projector
  repository: file://./charts/spatial-projector
  version: 0.1.2
- name: ai-model-provider
  repository: file://./charts/ai-model-provider
  version: 0.1.0
digest: sha256:fc6a89eca927cad5b41d19748b68bbaaa55da1d6fd2179a5f61887fc8adece06
generated: "2026-02-23T16:03:53.28724Z"
