dependencies:
- name: user-portal-ui
  repository: file://./charts/user-portal-ui
  version: 0.1.7
- name: paperback-writer
  repository: file://./charts/paperback-writer
  version: 0.1.2
- name: data-catalog-ui
  repository: file://./charts/data-catalog-ui
  version: 0.1.5
- name: spatial
  repository: file://./charts/spatial
  version: 0.1.2
- name: spatial-projector
  repository: file://./charts/spatial-projector
  version: 0.1.2
- name: ai-sparql-builder
  repository: file://./charts/ai-sparql-builder
  version: 0.1.1
digest: sha256:66725495c82c190a2724e2f122147b763846232bb42835b166a5093a275daba5
generated: "2026-02-26T11:22:47.761508Z"
