dependencies:
- name: user-portal-ui
  repository: file://./charts/user-portal-ui
  version: 0.1.8
- name: paperback-writer
  repository: file://./charts/paperback-writer
  version: 0.1.2
- name: data-catalog-ui
  repository: file://./charts/data-catalog-ui
  version: 0.1.5
- name: spatial
  repository: file://./charts/spatial
  version: 0.1.2
- name: spatial-projector
  repository: file://./charts/spatial-projector
  version: 0.1.2
digest: sha256:62793cc3fbe5a912438634275cbc74be6faddba49dffd5bc6880945ff606098d
generated: "2026-02-27T08:50:11.630459Z"
