dependencies:
- name: access
  repository: file://./charts/access
  version: 0.1.2
- name: access-ui
  repository: file://./charts/access-ui
  version: 0.1.2
- name: graph-ui
  repository: file://./charts/graph-ui
  version: 0.1.2
- name: query-ui
  repository: file://./charts/query-ui
  version: 0.1.2
- name: search-ui
  repository: file://./charts/search-ui
  version: 0.1.2
- name: graph
  repository: file://./charts/graph
  version: 0.1.2
- name: search
  repository: file://./charts/search
  version: 0.1.4
- name: search-projector
  repository: file://./charts/search-projector
  version: 0.1.4
- name: user-preferences
  repository: file://./charts/user-preferences
  version: 0.1.2
- name: oauth2-proxy
  repository: file://./charts/oauth2-proxy
  version: 0.1.0
- name: paperback-writer
  repository: file://./charts/paperback-writer
  version: 0.1.0
- name: data-catalog
  repository: file://./charts/data-catalog
  version: 0.1.0
- name: traefik
  repository: https://traefik.github.io/charts
  version: 9.20.1
digest: sha256:71cc85423330f2f41c1b2272e315a6937257069845fb6baa5a6db9743bc51e25
generated: "2025-10-03T09:41:16.550649+01:00"
