dependencies:
- name: access
  repository: file://./charts/access
  version: 0.1.2
- name: access-ui
  repository: file://./charts/access-ui
  version: 0.1.2
- name: graph-ui
  repository: file://./charts/graph-ui
  version: 0.1.2
- name: query-ui
  repository: file://./charts/query-ui
  version: 0.1.2
- name: search-ui
  repository: file://./charts/search-ui
  version: 0.1.2
- name: graph
  repository: file://./charts/graph
  version: 0.1.2
- name: search
  repository: file://./charts/search
  version: 0.1.4
- name: search-projector
  repository: file://./charts/search-projector
  version: 0.1.4
- name: user-preferences
  repository: file://./charts/user-preferences
  version: 0.1.2
digest: sha256:ad7db2545a989fc3f834cbb2a616d697ca180246ac0cd3480181f7027fed6cd4
generated: "2025-08-21T19:48:27.804396+01:00"
