dependencies:
- name: admin-ui
  repository: oci://quay.io/telicent/charts
  version: 1.7.2
- name: auth
  repository: oci://quay.io/telicent/charts
  version: 0.3.1
- name: document-pipeline
  repository: file://./charts/document-pipeline
  version: 0.2.5
- name: graph
  repository: oci://quay.io/telicent/charts
  version: 1.1.4
- name: deletion-worker
  repository: oci://quay.io/telicent/charts
  version: 1.1.4
- name: graph-ui
  repository: oci://quay.io/telicent/charts
  version: 1.39.0
- name: query-ui
  repository: oci://quay.io/telicent/charts
  version: 1.6.0
- name: search
  repository: oci://quay.io/telicent/charts
  version: 2.2.6
- name: search-projector
  repository: oci://quay.io/telicent/charts
  version: 2.2.6
- name: search-ui
  repository: oci://quay.io/telicent/charts
  version: 4.22.2
- name: traefik-proxy
  repository: file://./charts/traefik-proxy
  version: 0.1.1
- name: user-preferences
  repository: file://./charts/user-preferences
  version: 0.2.4
digest: sha256:8290aad0fa290fea8b7a1c14406d2a866cbfc0e303f2ff05045f9ee335a78717
generated: "2026-08-27T16:08:54.297410712Z"
