dependencies:
- name: ies-ontology-producer
  repository: file://./charts/ies-ontology-producer
  version: 0.1.0
- name: ies-regions-ontology-adapter
  repository: file://./charts/ies-regions-ontology-adapter
  version: 0.1.0
- name: ies-regions-producer
  repository: file://./charts/ies-regions-producer
  version: 0.1.0
- name: ontologies-rdf-rdfs-owl-producer
  repository: file://./charts/ontologies-rdf-rdfs-owl-producer
  version: 0.1.0
- name: producer-acled-ontology
  repository: file://./charts/producer-acled-ontology
  version: 0.1.0
- name: canonicals-event-validation-mapper
  repository: file://./charts/canonicals-event-validation-mapper
  version: 0.1.0
- name: canonicals-event-geo-mapper
  repository: file://./charts/canonicals-event-geo-mapper
  version: 0.1.0
- name: canonicals-event-knowledge-mapper
  repository: file://./charts/canonicals-event-knowledge-mapper
  version: 0.1.0
- name: acled-locations-mapper
  repository: file://./charts/acled-locations-mapper
  version: 0.1.0
- name: acled-participants-mapper
  repository: file://./charts/acled-participants-mapper
  version: 0.1.0
- name: acled-validation-mapper
  repository: file://./charts/acled-validation-mapper
  version: 0.1.0
- name: canonicals-event-document-mapper
  repository: file://./charts/canonicals-event-document-mapper
  version: 0.1.0
digest: sha256:e03766d1e8bf7b7a1d611c6ab8683a9b56a7bbeee2d60e7f36d6f639a743eea1
generated: "2025-10-16T12:08:01.906465+01:00"
