dependencies:
- name: acled-locations-mapper
  repository: file://./charts/acled-locations-mapper
  version: 0.1.0
- name: acled-participants-mapper
  repository: file://./charts/acled-participants-mapper
  version: 0.1.0
- name: acled-validation-mapper
  repository: file://./charts/acled-validation-mapper
  version: 0.1.0
- name: canonicals-event
  repository: file://./charts/canonicals-event
  version: 0.1.0
- name: canonicals-ontology
  repository: file://./charts/canonicals-ontology
  version: 0.2.0
- name: ies-regions-ontology-producer
  repository: oci://quay.io/telicent/charts
  version: 0.13.7
- name: ies-regions-producer
  repository: oci://quay.io/telicent/charts
  version: 0.13.7
- name: telicent-ontology-adapter
  repository: oci://quay.io/telicent/charts
  version: 0.1.5
digest: sha256:664e2add9775a7a3a1d0c4f7fcabb5126fd2702d4d41d8523f668062eb30f218
generated: "2026-08-19T14:55:47.159619+01:00"
