dependencies:
- name: telicent-json-validation-mapper
  repository: oci://quay.io/telicent/charts
  version: 0.2.6
- name: telicent-canonicals-ontology-mapper
  repository: oci://quay.io/telicent/charts
  version: 0.2.5
digest: sha256:15f59563bacd20100668bb216f288ba057ce172a48cb33d2d9417d322053680e
generated: "2026-08-14T12:17:14.259796+01:00"
