dependencies:
- name: telicent-json-validation-mapper
  repository: oci://quay.io/telicent/charts
  version: 0.2.7
- name: telicent-canonicals-ontology-mapper
  repository: oci://quay.io/telicent/charts
  version: 0.2.7
digest: sha256:23993467eefa9636a55286e898d400eadf0160e8321a28f48455f49b3a687493
generated: "2026-09-29T10:36:00.708591+01:00"
